
Microsoft Visual Studio Solution File, Format Version 12.00
# Visual Studio Version 17
VisualStudioVersion = 17.9.34616.47
MinimumVisualStudioVersion = 10.0.40219.1
Project("{FAE04EC0-301F-11D3-BF4B-00C04F79EFBC}") = "tpmodul8_1302220108", "tpmodul8_1302220108\tpmodul8_1302220108.csproj", "{F1BE436A-69A1-4D6C-8C56-8547A7ACEBAC}"
EndProject
Global
	GlobalSection(SolutionConfigurationPlatforms) = preSolution
		Debug|Any CPU = Debug|Any CPU
		Release|Any CPU = Release|Any CPU
	EndGlobalSection
	GlobalSection(ProjectConfigurationPlatforms) = postSolution
		{F1BE436A-69A1-4D6C-8C56-8547A7ACEBAC}.Debug|Any CPU.ActiveCfg = Debug|Any CPU
		{F1BE436A-69A1-4D6C-8C56-8547A7ACEBAC}.Debug|Any CPU.Build.0 = Debug|Any CPU
		{F1BE436A-69A1-4D6C-8C56-8547A7ACEBAC}.Release|Any CPU.ActiveCfg = Release|Any CPU
		{F1BE436A-69A1-4D6C-8C56-8547A7ACEBAC}.Release|Any CPU.Build.0 = Release|Any CPU
	EndGlobalSection
	GlobalSection(SolutionProperties) = preSolution
		HideSolutionNode = FALSE
	EndGlobalSection
	GlobalSection(ExtensibilityGlobals) = postSolution
		SolutionGuid = {5F277E92-2BD5-4873-A055-F6B98E6C0987}
	EndGlobalSection
EndGlobal
